
Microsoft Visual Studio Solution File, Format Version 12.00
# Visual Studio Version 17
VisualStudioVersion = 17.4.33110.190
MinimumVisualStudioVersion = 10.0.40219.1
Project("{9A19103F-16F7-4668-BE54-9A1E7A4F7556}") = "VoxTestApplication", "VoxTestApplication\VoxTestApplication.csproj", "{E8C976A6-1F19-4154-85AD-6FE1CBE85351}"
EndProject
Project("{FAE04EC0-301F-11D3-BF4B-00C04F79EFBC}") = "VoxTestApplicationUnitTest", "VoxTestApplicationUnitTest\VoxTestApplicationUnitTest.csproj", "{74FA556D-3847-4AEC-87D5-2541D18AF1A7}"
EndProject
Global
	GlobalSection(SolutionConfigurationPlatforms) = preSolution
		Debug|Any CPU = Debug|Any CPU
		Release|Any CPU = Release|Any CPU
	EndGlobalSection
	GlobalSection(ProjectConfigurationPlatforms) = postSolution
		{E8C976A6-1F19-4154-85AD-6FE1CBE85351}.Debug|Any CPU.ActiveCfg = Debug|Any CPU
		{E8C976A6-1F19-4154-85AD-6FE1CBE85351}.Debug|Any CPU.Build.0 = Debug|Any CPU
		{E8C976A6-1F19-4154-85AD-6FE1CBE85351}.Release|Any CPU.ActiveCfg = Release|Any CPU
		{E8C976A6-1F19-4154-85AD-6FE1CBE85351}.Release|Any CPU.Build.0 = Release|Any CPU
		{74FA556D-3847-4AEC-87D5-2541D18AF1A7}.Debug|Any CPU.ActiveCfg = Debug|Any CPU
		{74FA556D-3847-4AEC-87D5-2541D18AF1A7}.Debug|Any CPU.Build.0 = Debug|Any CPU
		{74FA556D-3847-4AEC-87D5-2541D18AF1A7}.Release|Any CPU.ActiveCfg = Release|Any CPU
		{74FA556D-3847-4AEC-87D5-2541D18AF1A7}.Release|Any CPU.Build.0 = Release|Any CPU
	EndGlobalSection
	GlobalSection(SolutionProperties) = preSolution
		HideSolutionNode = FALSE
	EndGlobalSection
	GlobalSection(ExtensibilityGlobals) = postSolution
		SolutionGuid = {E31C31ED-7141-426A-BDA1-93F105DF1ABC}
	EndGlobalSection
EndGlobal
